// !$*UTF8*$!
{
	archiveVersion = 1;
	classes = {
	};
	objectVersion = 46;
	objects = {

/* Begin PBXBuildFile section */
		1D60589B0D05DD56006BFB54 /* main.m in Sources */ = {isa = PBXBuildFile; fileRef = 29B97316FDCFA39411CA2CEA /* main.m */; };
		1D60589F0D05DD5A006BFB54 /* Foundation.framework in Frameworks */ = {isa = PBXBuildFile; fileRef = 1D30AB110D05D00D00671497 /* Foundation.framework */; };
		1DF5F4E00D08C38300B7A737 /* UIKit.framework in Frameworks */ = {isa = PBXBuildFile; fileRef = 1DF5F4DF0D08C38300B7A737 /* UIKit.framework */; };
		2819307D112F81BE00ECF9B4 /* DeviceAlarm.xcdatamodeld in Sources */ = {isa = PBXBuildFile; fileRef = 2819307C112F81BE00ECF9B4 /* DeviceAlarm.xcdatamodeld */; };
		2860E38B111B897F00E27156 /* MainWindow_iPhone.xib in Resources */ = {isa = PBXBuildFile; fileRef = 2860E389111B897F00E27156 /* MainWindow_iPhone.xib */; };
		288765FD0DF74451002DB57D /* CoreGraphics.framework in Frameworks */ = {isa = PBXBuildFile; fileRef = 288765FC0DF74451002DB57D /* CoreGraphics.framework */; };
		28AD733F0D9D9553002E5188 /* MainWindow_iPad.xib in Resources */ = {isa = PBXBuildFile; fileRef = 28AD733E0D9D9553002E5188 /* MainWindow_iPad.xib */; };
		28EEBFDD1118E19E00187D67 /* CoreData.framework in Frameworks */ = {isa = PBXBuildFile; fileRef = 28EEBFDC1118E19E00187D67 /* CoreData.framework */; };
		28EEC04B1118E28000187D67 /* AppDelegate_Shared.m in Sources */ = {isa = PBXBuildFile; fileRef = 28EEC04A1118E28000187D67 /* AppDelegate_Shared.m */; };
		760031F912FD145A009E4D8F /* PlaySound.m in Sources */ = {isa = PBXBuildFile; fileRef = 760031F812FD145A009E4D8F /* PlaySound.m */; };
		760031FD12FD1541009E4D8F /* AudioToolbox.framework in Frameworks */ = {isa = PBXBuildFile; fileRef = 760031FC12FD1541009E4D8F /* AudioToolbox.framework */; };
		760032E712FF4A8B009E4D8F /* alarm.wav in Resources */ = {isa = PBXBuildFile; fileRef = 760032E612FF4A8B009E4D8F /* alarm.wav */; };
		7600330F12FF4CD2009E4D8F /* Default.png in Resources */ = {isa = PBXBuildFile; fileRef = 7600330E12FF4CD2009E4D8F /* Default.png */; };
		7600331112FF4D58009E4D8F /* AlarmDisplay.png in Resources */ = {isa = PBXBuildFile; fileRef = 7600331012FF4D58009E4D8F /* AlarmDisplay.png */; };
		7600334E12FF55A1009E4D8F /* bigIcon.png in Resources */ = {isa = PBXBuildFile; fileRef = 7600334A12FF55A1009E4D8F /* bigIcon.png */; };
		7600334F12FF55A1009E4D8F /* Icon-72.png in Resources */ = {isa = PBXBuildFile; fileRef = 7600334B12FF55A1009E4D8F /* Icon-72.png */; };
		7600335012FF55A1009E4D8F /* Icon.png in Resources */ = {isa = PBXBuildFile; fileRef = 7600334C12FF55A1009E4D8F /* Icon.png */; };
		7600335112FF55A1009E4D8F /* Icon@2x.png in Resources */ = {isa = PBXBuildFile; fileRef = 7600334D12FF55A1009E4D8F /* Icon@2x.png */; };
		767BD26813104341008E3359 /* alarm1.gif in Resources */ = {isa = PBXBuildFile; fileRef = 767BD26713104341008E3359 /* alarm1.gif */; };
		767BD26B131043F9008E3359 /* matrix.jpg in Resources */ = {isa = PBXBuildFile; fileRef = 767BD26A131043F9008E3359 /* matrix.jpg */; };
		767BD27F131059CB008E3359 /* SettingsController.m in Sources */ = {isa = PBXBuildFile; fileRef = 767BD27D131059CB008E3359 /* SettingsController.m */; };
		767BD280131059CB008E3359 /* SettingsController.xib in Resources */ = {isa = PBXBuildFile; fileRef = 767BD27E131059CB008E3359 /* SettingsController.xib */; };
		767BD29213105E74008E3359 /* iPadSettingsController.xib in Resources */ = {isa = PBXBuildFile; fileRef = 767BD29013105E74008E3359 /* iPadSettingsController.xib */; };
		767BD2CE131063BD008E3359 /* MainController.m in Sources */ = {isa = PBXBuildFile; fileRef = 767BD2CC131063BD008E3359 /* MainController.m */; };
		767BD2CF131063BD008E3359 /* MainController.xib in Resources */ = {isa = PBXBuildFile; fileRef = 767BD2CD131063BD008E3359 /* MainController.xib */; };
		767BD2D41310641F008E3359 /* iPadMainController.xib in Resources */ = {isa = PBXBuildFile; fileRef = 767BD2D21310641F008E3359 /* iPadMainController.xib */; };
		76B79AE612F20E57002B60DE /* LocationController.m in Sources */ = {isa = PBXBuildFile; fileRef = 76B79AE512F20E57002B60DE /* LocationController.m */; };
		76B79AE912F20E8E002B60DE /* AccelerometerController.m in Sources */ = {isa = PBXBuildFile; fileRef = 76B79AE812F20E8E002B60DE /* AccelerometerController.m */; };
		76B79AF712F21368002B60DE /* CoreLocation.framework in Frameworks */ = {isa = PBXBuildFile; fileRef = 76B79AF612F21368002B60DE /* CoreLocation.framework */; };
		76B79B3E12F22F6F002B60DE /* iAd.framework in Frameworks */ = {isa = PBXBuildFile; fileRef = 76B79B3D12F22F6F002B60DE /* iAd.framework */; };
		76B79B5D12F2329A002B60DE /* AdsController.m in Sources */ = {isa = PBXBuildFile; fileRef = 76B79B5B12F2329A002B60DE /* AdsController.m */; };
		76B79B5E12F2329A002B60DE /* AdsController.xib in Resources */ = {isa = PBXBuildFile; fileRef = 76B79B5C12F2329A002B60DE /* AdsController.xib */; };
		76C58B2018790DDB00F36F26 /* Default-568h@2x.png in Resources */ = {isa = PBXBuildFile; fileRef = 76C58B1F18790DDB00F36F26 /* Default-568h@2x.png */; };
		76C58B2D18790EF700F36F26 /* Localizable.strings in Resources */ = {isa = PBXBuildFile; fileRef = 76C58B2218790EF700F36F26 /* Localizable.strings */; };
		76C58B2E18790EF700F36F26 /* LTHNavigationViewController.m in Sources */ = {isa = PBXBuildFile; fileRef = 76C58B2718790EF700F36F26 /* LTHNavigationViewController.m */; };
		76C58B2F18790EF700F36F26 /* LTHPasscodeViewController.m in Sources */ = {isa = PBXBuildFile; fileRef = 76C58B2918790EF700F36F26 /* LTHPasscodeViewController.m */; };
		76C58B3018790EF700F36F26 /* SFHFKeychainUtils.m in Sources */ = {isa = PBXBuildFile; fileRef = 76C58B2C18790EF700F36F26 /* SFHFKeychainUtils.m */; };
		76C58B3218790F0700F36F26 /* Security.framework in Frameworks */ = {isa = PBXBuildFile; fileRef = 76C58B3118790F0700F36F26 /* Security.framework */; };
		76C58B3A1879117C00F36F26 /* CoreMedia.framework in Frameworks */ = {isa = PBXBuildFile; fileRef = 76C58B391879117C00F36F26 /* CoreMedia.framework */; };
		76C58B3C1879118500F36F26 /* QuartzCore.framework in Frameworks */ = {isa = PBXBuildFile; fileRef = 76C58B3B1879118500F36F26 /* QuartzCore.framework */; };
		76C58B3E1879184100F36F26 /* CoreMotion.framework in Frameworks */ = {isa = PBXBuildFile; fileRef = 76C58B3D1879184100F36F26 /* CoreMotion.framework */; };
		76E133A6133E89860051F697 /* iPadAdsController.xib in Resources */ = {isa = PBXBuildFile; fileRef = 76E133A5133E89860051F697 /* iPadAdsController.xib */; };
		76EC9A3C144A39D80085B6E3 /* GCPINViewController.m in Sources */ = {isa = PBXBuildFile; fileRef = 76EC9A38144A39D80085B6E3 /* GCPINViewController.m */; };
		76EC9A3D144A39D80085B6E3 /* PINBox.png in Resources */ = {isa = PBXBuildFile; fileRef = 76EC9A39144A39D80085B6E3 /* PINBox.png */; };
		76EC9A3E144A39D80085B6E3 /* PINBox@2x.png in Resources */ = {isa = PBXBuildFile; fileRef = 76EC9A3A144A39D80085B6E3 /* PINBox@2x.png */; };
		76EC9A3F144A39D80085B6E3 /* PINViewDefault.xib in Resources */ = {isa = PBXBuildFile; fileRef = 76EC9A3B144A39D80085B6E3 /* PINViewDefault.xib */; };
		76EC9A48144A480E0085B6E3 /* RootViewController.m in Sources */ = {isa = PBXBuildFile; fileRef = 76EC9A47144A480E0085B6E3 /* RootViewController.m */; };
/* End PBXBuildFile section */

/* Begin PBXFileReference section */
		1D30AB110D05D00D00671497 /* Foundation.framework */ = {isa = PBXFileReference; lastKnownFileType = wrapper.framework; name = Foundation.framework; path = System/Library/Frameworks/Foundation.framework; sourceTree = SDKROOT; };
		1D6058910D05DD3D006BFB54 /* DeviceAlarm.app */ = {isa = PBXFileReference; explicitFileType = wrapper.application; includeInIndex = 0; path = DeviceAlarm.app; sourceTree = BUILT_PRODUCTS_DIR; };
		1DF5F4DF0D08C38300B7A737 /* UIKit.framework */ = {isa = PBXFileReference; lastKnownFileType = wrapper.framework; name = UIKit.framework; path = System/Library/Frameworks/UIKit.framework; sourceTree = SDKROOT; };
		2860E389111B897F00E27156 /* MainWindow_iPhone.xib */ = {isa = PBXFileReference; lastKnownFileType = file.xib; path = MainWindow_iPhone.xib; sourceTree = "<group>"; };
		2870939E111907710040F596 /* DeviceAlarm.xcdatamodel */ = {isa = PBXFileReference; fileEncoding = 4; lastKnownFileType = wrapper.xcdatamodel; path = DeviceAlarm.xcdatamodel; sourceTree = "<group>"; };
		288765FC0DF74451002DB57D /* CoreGraphics.framework */ = {isa = PBXFileReference; lastKnownFileType = wrapper.framework; name = CoreGraphics.framework; path = System/Library/Frameworks/CoreGraphics.framework; sourceTree = SDKROOT; };
		28AD733E0D9D9553002E5188 /* MainWindow_iPad.xib */ = {isa = PBXFileReference; lastKnownFileType = file.xib; name = MainWindow_iPad.xib; path = iPad/MainWindow_iPad.xib; sourceTree = "<group>"; };
		28EEBFDC1118E19E00187D67 /* CoreData.framework */ = {isa = PBXFileReference; lastKnownFileType = wrapper.framework; name = CoreData.framework; path = System/Library/Frameworks/CoreData.framework; sourceTree = SDKROOT; };
		28EEC0491118E28000187D67 /* AppDelegate_Shared.h */ = {isa = PBXFileReference; fileEncoding = 4; lastKnownFileType = sourcecode.c.h; name = AppDelegate_Shared.h; path = Shared/AppDelegate_Shared.h; sourceTree = "<group>"; };
		28EEC04A1118E28000187D67 /* AppDelegate_Shared.m */ = {isa = PBXFileReference; fileEncoding = 4; lastKnownFileType = sourcecode.c.objc; name = AppDelegate_Shared.m; path = Shared/AppDelegate_Shared.m; sourceTree = "<group>"; };
		29B97316FDCFA39411CA2CEA /* main.m */ = {isa = PBXFileReference; fileEncoding = 4; lastKnownFileType = sourcecode.c.objc; name = main.m; path = Shared/main.m; sourceTree = "<group>"; };
		32CA4F630368D1EE00C91783 /* DeviceAlarm_Prefix.pch */ = {isa = PBXFileReference; fileEncoding = 4; lastKnownFileType = sourcecode.c.h; path = DeviceAlarm_Prefix.pch; sourceTree = "<group>"; };
		760031F712FD145A009E4D8F /* PlaySound.h */ = {isa = PBXFileReference; fileEncoding = 4; lastKnownFileType = sourcecode.c.h; path = PlaySound.h; sourceTree = "<group>"; };
		760031F812FD145A009E4D8F /* PlaySound.m */ = {isa = PBXFileReference; fileEncoding = 4; lastKnownFileType = sourcecode.c.objc; path = PlaySound.m; sourceTree = "<group>"; };
		760031FC12FD1541009E4D8F /* AudioToolbox.framework */ = {isa = PBXFileReference; lastKnownFileType = wrapper.framework; name = AudioToolbox.framework; path = System/Library/Frameworks/AudioToolbox.framework; sourceTree = SDKROOT; };
		760031FE12FEF54B009E4D8F /* AlertDelegate.h */ = {isa = PBXFileReference; fileEncoding = 4; lastKnownFileType = sourcecode.c.h; path = AlertDelegate.h; sourceTree = "<group>"; };
		7600326B12FF3F84009E4D8F /* SoundDelegate.h */ = {isa = PBXFileReference; fileEncoding = 4; lastKnownFileType = sourcecode.c.h; path = SoundDelegate.h; sourceTree = "<group>"; };
		760032E612FF4A8B009E4D8F /* alarm.wav */ = {isa = PBXFileReference; lastKnownFileType = audio.wav; name = alarm.wav; path = Resources/alarm.wav; sourceTree = "<group>"; };
		7600330E12FF4CD2009E4D8F /* Default.png */ = {isa = PBXFileReference; lastKnownFileType = image.png; path = Default.png; sourceTree = "<group>"; };
		7600331012FF4D58009E4D8F /* AlarmDisplay.png */ = {isa = PBXFileReference; lastKnownFileType = image.png; path = AlarmDisplay.png; sourceTree = "<group>"; };
		7600334A12FF55A1009E4D8F /* bigIcon.png */ = {isa = PBXFileReference; lastKnownFileType = image.png; path = bigIcon.png; sourceTree = "<group>"; };
		7600334B12FF55A1009E4D8F /* Icon-72.png */ = {isa = PBXFileReference; lastKnownFileType = image.png; path = "Icon-72.png"; sourceTree = "<group>"; };
		7600334C12FF55A1009E4D8F /* Icon.png */ = {isa = PBXFileReference; lastKnownFileType = image.png; path = Icon.png; sourceTree = "<group>"; };
		7600334D12FF55A1009E4D8F /* Icon@2x.png */ = {isa = PBXFileReference; lastKnownFileType = image.png; path = "Icon@2x.png"; sourceTree = "<group>"; };
		7600336012FF55C8009E4D8F /* Entitlements.plist */ = {isa = PBXFileReference; fileEncoding = 4; lastKnownFileType = text.plist.xml; path = Entitlements.plist; sourceTree = "<group>"; };
		767BD26713104341008E3359 /* alarm1.gif */ = {isa = PBXFileReference; lastKnownFileType = image.gif; path = alarm1.gif; sourceTree = "<group>"; };
		767BD26A131043F9008E3359 /* matrix.jpg */ = {isa = PBXFileReference; lastKnownFileType = image.jpeg; path = matrix.jpg; sourceTree = "<group>"; };
		767BD27C131059CB008E3359 /* SettingsController.h */ = {isa = PBXFileReference; fileEncoding = 4; lastKnownFileType = sourcecode.c.h; path = SettingsController.h; sourceTree = "<group>"; };
		767BD27D131059CB008E3359 /* SettingsController.m */ = {isa = PBXFileReference; fileEncoding = 4; lastKnownFileType = sourcecode.c.objc; path = SettingsController.m; sourceTree = "<group>"; };
		767BD27E131059CB008E3359 /* SettingsController.xib */ = {isa = PBXFileReference; lastKnownFileType = file.xib; name = SettingsController.xib; path = ../SettingsController.xib; sourceTree = "<group>"; };
		767BD29013105E74008E3359 /* iPadSettingsController.xib */ = {isa = PBXFileReference; lastKnownFileType = file.xib; path = iPadSettingsController.xib; sourceTree = "<group>"; };
		767BD2CB131063BD008E3359 /* MainController.h */ = {isa = PBXFileReference; fileEncoding = 4; lastKnownFileType = sourcecode.c.h; path = MainController.h; sourceTree = "<group>"; };
		767BD2CC131063BD008E3359 /* MainController.m */ = {isa = PBXFileReference; fileEncoding = 4; lastKnownFileType = sourcecode.c.objc; path = MainController.m; sourceTree = "<group>"; };
		767BD2CD131063BD008E3359 /* MainController.xib */ = {isa = PBXFileReference; lastKnownFileType = file.xib; name = MainController.xib; path = ../MainController.xib; sourceTree = "<group>"; };
		767BD2D21310641F008E3359 /* iPadMainController.xib */ = {isa = PBXFileReference; lastKnownFileType = file.xib; path = iPadMainController.xib; sourceTree = "<group>"; };
		76B79AE412F20E57002B60DE /* LocationController.h */ = {isa = PBXFileReference; fileEncoding = 4; lastKnownFileType = sourcecode.c.h; path = LocationController.h; sourceTree = "<group>"; };
		76B79AE512F20E57002B60DE /* LocationController.m */ = {isa = PBXFileReference; fileEncoding = 4; lastKnownFileType = sourcecode.c.objc; path = LocationController.m; sourceTree = "<group>"; };
		76B79AE712F20E8E002B60DE /* AccelerometerController.h */ = {isa = PBXFileReference; fileEncoding = 4; lastKnownFileType = sourcecode.c.h; path = AccelerometerController.h; sourceTree = "<group>"; };
		76B79AE812F20E8E002B60DE /* AccelerometerController.m */ = {isa = PBXFileReference; fileEncoding = 4; lastKnownFileType = sourcecode.c.objc; path = AccelerometerController.m; sourceTree = "<group>"; };
		76B79AF612F21368002B60DE /* CoreLocation.framework */ = {isa = PBXFileReference; lastKnownFileType = wrapper.framework; name = CoreLocation.framework; path = System/Library/Frameworks/CoreLocation.framework; sourceTree = SDKROOT; };
		76B79B3D12F22F6F002B60DE /* iAd.framework */ = {isa = PBXFileReference; lastKnownFileType = wrapper.framework; name = iAd.framework; path = System/Library/Frameworks/iAd.framework; sourceTree = SDKROOT; };
		76B79B5A12F2329A002B60DE /* AdsController.h */ = {isa = PBXFileReference; fileEncoding = 4; lastKnownFileType = sourcecode.c.h; path = AdsController.h; sourceTree = "<group>"; };
		76B79B5B12F2329A002B60DE /* AdsController.m */ = {isa = PBXFileReference; fileEncoding = 4; lastKnownFileType = sourcecode.c.objc; path = AdsController.m; sourceTree = "<group>"; };
		76B79B5C12F2329A002B60DE /* AdsController.xib */ = {isa = PBXFileReference; lastKnownFileType = file.xib; path = AdsController.xib; sourceTree = "<group>"; };
		76C58B1F18790DDB00F36F26 /* Default-568h@2x.png */ = {isa = PBXFileReference; lastKnownFileType = image.png; path = "Default-568h@2x.png"; sourceTree = "<group>"; };
		76C58B2318790EF700F36F26 /* de */ = {isa = PBXFileReference; lastKnownFileType = text.plist.strings; name = de; path = de.lproj/Localizable.strings; sourceTree = "<group>"; };
		76C58B2418790EF700F36F26 /* en */ = {isa = PBXFileReference; lastKnownFileType = text.plist.strings; name = en; path = en.lproj/Localizable.strings; sourceTree = "<group>"; };
		76C58B2518790EF700F36F26 /* es */ = {isa = PBXFileReference; lastKnownFileType = text.plist.strings; name = es; path = es.lproj/Localizable.strings; sourceTree = "<group>"; };
		76C58B2618790EF700F36F26 /* LTHNavigationViewController.h */ = {isa = PBXFileReference; fileEncoding = 4; lastKnownFileType = sourcecode.c.h; path = LTHNavigationViewController.h; sourceTree = "<group>"; };
		76C58B2718790EF700F36F26 /* LTHNavigationViewController.m */ = {isa = PBXFileReference; fileEncoding = 4; lastKnownFileType = sourcecode.c.objc; path = LTHNavigationViewController.m; sourceTree = "<group>"; };
		76C58B2818790EF700F36F26 /* LTHPasscodeViewController.h */ = {isa = PBXFileReference; fileEncoding = 4; lastKnownFileType = sourcecode.c.h; path = LTHPasscodeViewController.h; sourceTree = "<group>"; };
		76C58B2918790EF700F36F26 /* LTHPasscodeViewController.m */ = {isa = PBXFileReference; fileEncoding = 4; lastKnownFileType = sourcecode.c.objc; path = LTHPasscodeViewController.m; sourceTree = "<group>"; };
		76C58B2A18790EF700F36F26 /* ro */ = {isa = PBXFileReference; lastKnownFileType = text.plist.strings; name = ro; path = ro.lproj/Localizable.strings; sourceTree = "<group>"; };
		76C58B2B18790EF700F36F26 /* SFHFKeychainUtils.h */ = {isa = PBXFileReference; fileEncoding = 4; lastKnownFileType = sourcecode.c.h; path = SFHFKeychainUtils.h; sourceTree = "<group>"; };
		76C58B2C18790EF700F36F26 /* SFHFKeychainUtils.m */ = {isa = PBXFileReference; fileEncoding = 4; lastKnownFileType = sourcecode.c.objc; path = SFHFKeychainUtils.m; sourceTree = "<group>"; };
		76C58B3118790F0700F36F26 /* Security.framework */ = {isa = PBXFileReference; lastKnownFileType = wrapper.framework; name = Security.framework; path = System/Library/Frameworks/Security.framework; sourceTree = SDKROOT; };
		76C58B3318790F3100F36F26 /* MediaAccessibility.framework */ = {isa = PBXFileReference; lastKnownFileType = wrapper.framework; name = MediaAccessibility.framework; path = System/Library/Frameworks/MediaAccessibility.framework; sourceTree = SDKROOT; };
		76C58B3418790F3100F36F26 /* MediaPlayer.framework */ = {isa = PBXFileReference; lastKnownFileType = wrapper.framework; name = MediaPlayer.framework; path = System/Library/Frameworks/MediaPlayer.framework; sourceTree = SDKROOT; };
		76C58B3518790F3100F36F26 /* MediaToolbox.framework */ = {isa = PBXFileReference; lastKnownFileType = wrapper.framework; name = MediaToolbox.framework; path = System/Library/Frameworks/MediaToolbox.framework; sourceTree = SDKROOT; };
		76C58B391879117C00F36F26 /* CoreMedia.framework */ = {isa = PBXFileReference; lastKnownFileType = wrapper.framework; name = CoreMedia.framework; path = System/Library/Frameworks/CoreMedia.framework; sourceTree = SDKROOT; };
		76C58B3B1879118500F36F26 /* QuartzCore.framework */ = {isa = PBXFileReference; lastKnownFileType = wrapper.framework; name = QuartzCore.framework; path = System/Library/Frameworks/QuartzCore.framework; sourceTree = SDKROOT; };
		76C58B3D1879184100F36F26 /* CoreMotion.framework */ = {isa = PBXFileReference; lastKnownFileType = wrapper.framework; name = CoreMotion.framework; path = System/Library/Frameworks/CoreMotion.framework; sourceTree = SDKROOT; };
		76E133A5133E89860051F697 /* iPadAdsController.xib */ = {isa = PBXFileReference; fileEncoding = 4; lastKnownFileType = file.xib; path = iPadAdsController.xib; sourceTree = "<group>"; };
		76EC9A37144A39D80085B6E3 /* GCPINViewController.h */ = {isa = PBXFileReference; fileEncoding = 4; lastKnownFileType = sourcecode.c.h; name = GCPINViewController.h; path = pinview/GCPINViewController.h; sourceTree = "<group>"; };
		76EC9A38144A39D80085B6E3 /* GCPINViewController.m */ = {isa = PBXFileReference; fileEncoding = 4; lastKnownFileType = sourcecode.c.objc; name = GCPINViewController.m; path = pinview/GCPINViewController.m; sourceTree = "<group>"; };
		76EC9A39144A39D80085B6E3 /* PINBox.png */ = {isa = PBXFileReference; lastKnownFileType = image.png; name = PINBox.png; path = pinview/PINBox.png; sourceTree = "<group>"; };
		76EC9A3A144A39D80085B6E3 /* PINBox@2x.png */ = {isa = PBXFileReference; lastKnownFileType = image.png; name = "PINBox@2x.png"; path = "pinview/PINBox@2x.png"; sourceTree = "<group>"; };
		76EC9A3B144A39D80085B6E3 /* PINViewDefault.xib */ = {isa = PBXFileReference; fileEncoding = 4; lastKnownFileType = file.xib; name = PINViewDefault.xib; path = pinview/PINViewDefault.xib; sourceTree = "<group>"; };
		76EC9A46144A480E0085B6E3 /* RootViewController.h */ = {isa = PBXFileReference; fileEncoding = 4; lastKnownFileType = sourcecode.c.h; path = RootViewController.h; sourceTree = "<group>"; };
		76EC9A47144A480E0085B6E3 /* RootViewController.m */ = {isa = PBXFileReference; fileEncoding = 4; lastKnownFileType = sourcecode.c.objc; path = RootViewController.m; sourceTree = "<group>"; };
		76EC9A49144B89C10085B6E3 /* DisableDelegate.h */ = {isa = PBXFileReference; fileEncoding = 4; lastKnownFileType = sourcecode.c.h; path = DisableDelegate.h; sourceTree = "<group>"; };
		8D1107310486CEB800E47090 /* DeviceAlarm-Info.plist */ = {isa = PBXFileReference; fileEncoding = 4; lastKnownFileType = text.plist.xml; path = "DeviceAlarm-Info.plist"; plistStructureDefinitionIdentifier = "com.apple.xcode.plist.structure-definition.iphone.info-plist"; sourceTree = "<group>"; };
/* End PBXFileReference section */

/* Begin PBXFrameworksBuildPhase section */
		1D60588F0D05DD3D006BFB54 /* Frameworks */ = {
			isa = PBXFrameworksBuildPhase;
			buildActionMask = 2147483647;
			files = (
				76C58B3E1879184100F36F26 /* CoreMotion.framework in Frameworks */,
				76C58B3C1879118500F36F26 /* QuartzCore.framework in Frameworks */,
				76C58B3A1879117C00F36F26 /* CoreMedia.framework in Frameworks */,
				76C58B3218790F0700F36F26 /* Security.framework in Frameworks */,
				1D60589F0D05DD5A006BFB54 /* Foundation.framework in Frameworks */,
				1DF5F4E00D08C38300B7A737 /* UIKit.framework in Frameworks */,
				288765FD0DF74451002DB57D /* CoreGraphics.framework in Frameworks */,
				28EEBFDD1118E19E00187D67 /* CoreData.framework in Frameworks */,
				76B79AF712F21368002B60DE /* CoreLocation.framework in Frameworks */,
				76B79B3E12F22F6F002B60DE /* iAd.framework in Frameworks */,
				760031FD12FD1541009E4D8F /* AudioToolbox.framework in Frameworks */,
			);
			runOnlyForDeploymentPostprocessing = 0;
		};
/* End PBXFrameworksBuildPhase section */

/* Begin PBXGroup section */
		19C28FACFE9D520D11CA2CBB /* Products */ = {
			isa = PBXGroup;
			children = (
				1D6058910D05DD3D006BFB54 /* DeviceAlarm.app */,
			);
			name = Products;
			sourceTree = "<group>";
		};
		2860E386111B897F00E27156 /* iPhone */ = {
			isa = PBXGroup;
			children = (
				2860E389111B897F00E27156 /* MainWindow_iPhone.xib */,
				767BD27E131059CB008E3359 /* SettingsController.xib */,
				767BD2CD131063BD008E3359 /* MainController.xib */,
			);
			path = iPhone;
			sourceTree = "<group>";
		};
		28EEBF621118D79A00187D67 /* Shared */ = {
			isa = PBXGroup;
			children = (
				760032E612FF4A8B009E4D8F /* alarm.wav */,
				7600326612FF3EB0009E4D8F /* Resources */,
				2819307C112F81BE00ECF9B4 /* DeviceAlarm.xcdatamodeld */,
				28EEC0491118E28000187D67 /* AppDelegate_Shared.h */,
				28EEC04A1118E28000187D67 /* AppDelegate_Shared.m */,
				8D1107310486CEB800E47090 /* DeviceAlarm-Info.plist */,
				76B79AE412F20E57002B60DE /* LocationController.h */,
				76B79AE512F20E57002B60DE /* LocationController.m */,
				76B79AE712F20E8E002B60DE /* AccelerometerController.h */,
				76B79AE812F20E8E002B60DE /* AccelerometerController.m */,
				76B79B5A12F2329A002B60DE /* AdsController.h */,
				76B79B5B12F2329A002B60DE /* AdsController.m */,
				76B79B5C12F2329A002B60DE /* AdsController.xib */,
				760031F712FD145A009E4D8F /* PlaySound.h */,
				760031F812FD145A009E4D8F /* PlaySound.m */,
				760031FE12FEF54B009E4D8F /* AlertDelegate.h */,
				7600326B12FF3F84009E4D8F /* SoundDelegate.h */,
				767BD27C131059CB008E3359 /* SettingsController.h */,
				767BD27D131059CB008E3359 /* SettingsController.m */,
				767BD2CB131063BD008E3359 /* MainController.h */,
				767BD2CC131063BD008E3359 /* MainController.m */,
				76EC9A46144A480E0085B6E3 /* RootViewController.h */,
				76EC9A47144A480E0085B6E3 /* RootViewController.m */,
				76EC9A49144B89C10085B6E3 /* DisableDelegate.h */,
			);
			name = Shared;
			sourceTree = "<group>";
		};
		29B97314FDCFA39411CA2CEA /* CustomTemplate */ = {
			isa = PBXGroup;
			children = (
				76C58B2118790EF700F36F26 /* LTHPasscodeViewController */,
				76C58B1F18790DDB00F36F26 /* Default-568h@2x.png */,
				76EC9A36144A39B30085B6E3 /* PinView */,
				2860E386111B897F00E27156 /* iPhone */,
				29B97317FDCFA39411CA2CEA /* iPad */,
				28EEBF621118D79A00187D67 /* Shared */,
				29B97315FDCFA39411CA2CEA /* Other Sources */,
				29B97323FDCFA39411CA2CEA /* Frameworks */,
				19C28FACFE9D520D11CA2CBB /* Products */,
				76B79AF612F21368002B60DE /* CoreLocation.framework */,
				76B79B3D12F22F6F002B60DE /* iAd.framework */,
				760031FC12FD1541009E4D8F /* AudioToolbox.framework */,
				7600336012FF55C8009E4D8F /* Entitlements.plist */,
			);
			name = CustomTemplate;
			sourceTree = "<group>";
		};
		29B97315FDCFA39411CA2CEA /* Other Sources */ = {
			isa = PBXGroup;
			children = (
				32CA4F630368D1EE00C91783 /* DeviceAlarm_Prefix.pch */,
				29B97316FDCFA39411CA2CEA /* main.m */,
			);
			name = "Other Sources";
			sourceTree = "<group>";
		};
		29B97317FDCFA39411CA2CEA /* iPad */ = {
			isa = PBXGroup;
			children = (
				28AD733E0D9D9553002E5188 /* MainWindow_iPad.xib */,
				767BD29013105E74008E3359 /* iPadSettingsController.xib */,
				767BD2D21310641F008E3359 /* iPadMainController.xib */,
				76E133A5133E89860051F697 /* iPadAdsController.xib */,
			);
			name = iPad;
			sourceTree = "<group>";
		};
		29B97323FDCFA39411CA2CEA /* Frameworks */ = {
			isa = PBXGroup;
			children = (
				76C58B3D1879184100F36F26 /* CoreMotion.framework */,
				76C58B3B1879118500F36F26 /* QuartzCore.framework */,
				76C58B391879117C00F36F26 /* CoreMedia.framework */,
				76C58B3318790F3100F36F26 /* MediaAccessibility.framework */,
				76C58B3418790F3100F36F26 /* MediaPlayer.framework */,
				76C58B3518790F3100F36F26 /* MediaToolbox.framework */,
				76C58B3118790F0700F36F26 /* Security.framework */,
				1DF5F4DF0D08C38300B7A737 /* UIKit.framework */,
				1D30AB110D05D00D00671497 /* Foundation.framework */,
				288765FC0DF74451002DB57D /* CoreGraphics.framework */,
				28EEBFDC1118E19E00187D67 /* CoreData.framework */,
			);
			name = Frameworks;
			sourceTree = "<group>";
		};
		7600326612FF3EB0009E4D8F /* Resources */ = {
			isa = PBXGroup;
			children = (
				767BD26A131043F9008E3359 /* matrix.jpg */,
				767BD26713104341008E3359 /* alarm1.gif */,
				7600334A12FF55A1009E4D8F /* bigIcon.png */,
				7600334B12FF55A1009E4D8F /* Icon-72.png */,
				7600334C12FF55A1009E4D8F /* Icon.png */,
				7600334D12FF55A1009E4D8F /* Icon@2x.png */,
				7600331012FF4D58009E4D8F /* AlarmDisplay.png */,
				7600330E12FF4CD2009E4D8F /* Default.png */,
			);
			path = Resources;
			sourceTree = "<group>";
		};
		76C58B2118790EF700F36F26 /* LTHPasscodeViewController */ = {
			isa = PBXGroup;
			children = (
				76C58B2218790EF700F36F26 /* Localizable.strings */,
				76C58B2618790EF700F36F26 /* LTHNavigationViewController.h */,
				76C58B2718790EF700F36F26 /* LTHNavigationViewController.m */,
				76C58B2818790EF700F36F26 /* LTHPasscodeViewController.h */,
				76C58B2918790EF700F36F26 /* LTHPasscodeViewController.m */,
				76C58B2B18790EF700F36F26 /* SFHFKeychainUtils.h */,
				76C58B2C18790EF700F36F26 /* SFHFKeychainUtils.m */,
			);
			path = LTHPasscodeViewController;
			sourceTree = "<group>";
		};
		76EC9A36144A39B30085B6E3 /* PinView */ = {
			isa = PBXGroup;
			children = (
				76EC9A37144A39D80085B6E3 /* GCPINViewController.h */,
				76EC9A38144A39D80085B6E3 /* GCPINViewController.m */,
				76EC9A39144A39D80085B6E3 /* PINBox.png */,
				76EC9A3A144A39D80085B6E3 /* PINBox@2x.png */,
				76EC9A3B144A39D80085B6E3 /* PINViewDefault.xib */,
			);
			name = PinView;
			sourceTree = "<group>";
		};
/* End PBXGroup section */

/* Begin PBXNativeTarget section */
		1D6058900D05DD3D006BFB54 /* DeviceAlarm */ = {
			isa = PBXNativeTarget;
			buildConfigurationList = 1D6058960D05DD3E006BFB54 /* Build configuration list for PBXNativeTarget "DeviceAlarm" */;
			buildPhases = (
				1D60588D0D05DD3D006BFB54 /* Resources */,
				1D60588E0D05DD3D006BFB54 /* Sources */,
				1D60588F0D05DD3D006BFB54 /* Frameworks */,
			);
			buildRules = (
			);
			dependencies = (
			);
			name = DeviceAlarm;
			productName = DeviceAlarm;
			productReference = 1D6058910D05DD3D006BFB54 /* DeviceAlarm.app */;
			productType = "com.apple.product-type.application";
		};
/* End PBXNativeTarget section */

/* Begin PBXProject section */
		29B97313FDCFA39411CA2CEA /* Project object */ = {
			isa = PBXProject;
			attributes = {
				LastUpgradeCheck = 0440;
				TargetAttributes = {
					1D6058900D05DD3D006BFB54 = {
						DevelopmentTeam = L6RR26WWDD;
					};
				};
			};
			buildConfigurationList = C01FCF4E08A954540054247B /* Build configuration list for PBXProject "DeviceAlarm" */;
			compatibilityVersion = "Xcode 3.2";
			developmentRegion = English;
			hasScannedForEncodings = 1;
			knownRegions = (
				English,
				Japanese,
				French,
				German,
				de,
				en,
				es,
				ro,
			);
			mainGroup = 29B97314FDCFA39411CA2CEA /* CustomTemplate */;
			projectDirPath = "";
			projectRoot = "";
			targets = (
				1D6058900D05DD3D006BFB54 /* DeviceAlarm */,
			);
		};
/* End PBXProject section */

/* Begin PBXResourcesBuildPhase section */
		1D60588D0D05DD3D006BFB54 /* Resources */ = {
			isa = PBXResourcesBuildPhase;
			buildActionMask = 2147483647;
			files = (
				28AD733F0D9D9553002E5188 /* MainWindow_iPad.xib in Resources */,
				76C58B2018790DDB00F36F26 /* Default-568h@2x.png in Resources */,
				2860E38B111B897F00E27156 /* MainWindow_iPhone.xib in Resources */,
				76B79B5E12F2329A002B60DE /* AdsController.xib in Resources */,
				760032E712FF4A8B009E4D8F /* alarm.wav in Resources */,
				7600330F12FF4CD2009E4D8F /* Default.png in Resources */,
				7600331112FF4D58009E4D8F /* AlarmDisplay.png in Resources */,
				7600334E12FF55A1009E4D8F /* bigIcon.png in Resources */,
				7600334F12FF55A1009E4D8F /* Icon-72.png in Resources */,
				7600335012FF55A1009E4D8F /* Icon.png in Resources */,
				7600335112FF55A1009E4D8F /* Icon@2x.png in Resources */,
				767BD26813104341008E3359 /* alarm1.gif in Resources */,
				767BD26B131043F9008E3359 /* matrix.jpg in Resources */,
				76C58B2D18790EF700F36F26 /* Localizable.strings in Resources */,
				767BD280131059CB008E3359 /* SettingsController.xib in Resources */,
				767BD29213105E74008E3359 /* iPadSettingsController.xib in Resources */,
				767BD2CF131063BD008E3359 /* MainController.xib in Resources */,
				767BD2D41310641F008E3359 /* iPadMainController.xib in Resources */,
				76E133A6133E89860051F697 /* iPadAdsController.xib in Resources */,
				76EC9A3D144A39D80085B6E3 /* PINBox.png in Resources */,
				76EC9A3E144A39D80085B6E3 /* PINBox@2x.png in Resources */,
				76EC9A3F144A39D80085B6E3 /* PINViewDefault.xib in Resources */,
			);
			runOnlyForDeploymentPostprocessing = 0;
		};
/* End PBXResourcesBuildPhase section */

/* Begin PBXSourcesBuildPhase section */
		1D60588E0D05DD3D006BFB54 /* Sources */ = {
			isa = PBXSourcesBuildPhase;
			buildActionMask = 2147483647;
			files = (
				1D60589B0D05DD56006BFB54 /* main.m in Sources */,
				76C58B2F18790EF700F36F26 /* LTHPasscodeViewController.m in Sources */,
				28EEC04B1118E28000187D67 /* AppDelegate_Shared.m in Sources */,
				2819307D112F81BE00ECF9B4 /* DeviceAlarm.xcdatamodeld in Sources */,
				76B79AE612F20E57002B60DE /* LocationController.m in Sources */,
				76B79AE912F20E8E002B60DE /* AccelerometerController.m in Sources */,
				76B79B5D12F2329A002B60DE /* AdsController.m in Sources */,
				760031F912FD145A009E4D8F /* PlaySound.m in Sources */,
				767BD27F131059CB008E3359 /* SettingsController.m in Sources */,
				767BD2CE131063BD008E3359 /* MainController.m in Sources */,
				76C58B3018790EF700F36F26 /* SFHFKeychainUtils.m in Sources */,
				76EC9A3C144A39D80085B6E3 /* GCPINViewController.m in Sources */,
				76EC9A48144A480E0085B6E3 /* RootViewController.m in Sources */,
				76C58B2E18790EF700F36F26 /* LTHNavigationViewController.m in Sources */,
			);
			runOnlyForDeploymentPostprocessing = 0;
		};
/* End PBXSourcesBuildPhase section */

/* Begin PBXVariantGroup section */
		76C58B2218790EF700F36F26 /* Localizable.strings */ = {
			isa = PBXVariantGroup;
			children = (
				76C58B2318790EF700F36F26 /* de */,
				76C58B2418790EF700F36F26 /* en */,
				76C58B2518790EF700F36F26 /* es */,
				76C58B2A18790EF700F36F26 /* ro */,
			);
			name = Localizable.strings;
			sourceTree = "<group>";
		};
/* End PBXVariantGroup section */

/* Begin XCBuildConfiguration section */
		1D6058940D05DD3E006BFB54 /* Debug */ = {
			isa = XCBuildConfiguration;
			buildSettings = {
				ALWAYS_SEARCH_USER_PATHS = NO;
				CLANG_ENABLE_OBJC_ARC = YES;
				CODE_SIGN_IDENTITY = "iPhone Developer";
				COPY_PHASE_STRIP = NO;
				GCC_DYNAMIC_NO_PIC = NO;
				GCC_OPTIMIZATION_LEVEL = 0;
				GCC_PRECOMPILE_PREFIX_HEADER = YES;
				GCC_PREFIX_HEADER = DeviceAlarm_Prefix.pch;
				GCC_THUMB_SUPPORT = NO;
				GCC_VERSION = "";
				INFOPLIST_FILE = "DeviceAlarm-Info.plist";
				IPHONEOS_DEPLOYMENT_TARGET = 6.0;
				PRODUCT_NAME = DeviceAlarm;
				PROVISIONING_PROFILE = "";
			};
			name = Debug;
		};
		1D6058950D05DD3E006BFB54 /* Release */ = {
			isa = XCBuildConfiguration;
			buildSettings = {
				ALWAYS_SEARCH_USER_PATHS = NO;
				CLANG_ENABLE_OBJC_ARC = YES;
				CODE_SIGN_ENTITLEMENTS = "~/Pet Projects/DeviceAlarm/Entitlements.plist";
				CODE_SIGN_IDENTITY = "iPhone Developer";
				"CODE_SIGN_IDENTITY[sdk=iphoneos*]" = "iPhone Developer";
				COPY_PHASE_STRIP = YES;
				GCC_PRECOMPILE_PREFIX_HEADER = YES;
				GCC_PREFIX_HEADER = DeviceAlarm_Prefix.pch;
				GCC_THUMB_SUPPORT = NO;
				GCC_VERSION = "";
				INFOPLIST_FILE = "DeviceAlarm-Info.plist";
				IPHONEOS_DEPLOYMENT_TARGET = 6.0;
				PRODUCT_NAME = DeviceAlarm;
				PROVISIONING_PROFILE = "";
				"PROVISIONING_PROFILE[sdk=iphoneos*]" = "";
				VALIDATE_PRODUCT = YES;
			};
			name = Release;
		};
		7600336912FF563C009E4D8F /* Distribution */ = {
			isa = XCBuildConfiguration;
			buildSettings = {
				ARCHS = (
					armv6,
					armv7,
				);
				CODE_SIGN_IDENTITY = "iPhone Distribution";
				"CODE_SIGN_IDENTITY[sdk=iphoneos*]" = "iPhone Distribution";
				GCC_C_LANGUAGE_STANDARD = c99;
				GCC_THUMB_SUPPORT = NO;
				GCC_WARN_ABOUT_RETURN_TYPE = YES;
				GCC_WARN_UNUSED_VARIABLE = YES;
				OTHER_CFLAGS = "-DNS_BLOCK_ASSERTIONS=1";
				PROVISIONING_PROFILE = "";
				"PROVISIONING_PROFILE[sdk=iphoneos*]" = "";
				SDKROOT = iphoneos;
				TARGETED_DEVICE_FAMILY = "1,2";
			};
			name = Distribution;
		};
		7600336A12FF563C009E4D8F /* Distribution */ = {
			isa = XCBuildConfiguration;
			buildSettings = {
				ALWAYS_SEARCH_USER_PATHS = NO;
				CLANG_ENABLE_OBJC_ARC = YES;
				CODE_SIGN_IDENTITY = "iPhone Developer";
				"CODE_SIGN_IDENTITY[sdk=iphoneos*]" = "iPhone Developer";
				COPY_PHASE_STRIP = YES;
				GCC_PRECOMPILE_PREFIX_HEADER = YES;
				GCC_PREFIX_HEADER = DeviceAlarm_Prefix.pch;
				GCC_THUMB_SUPPORT = NO;
				GCC_VERSION = "";
				INFOPLIST_FILE = "DeviceAlarm-Info.plist";
				IPHONEOS_DEPLOYMENT_TARGET = 6.0;
				PRODUCT_NAME = DeviceAlarm;
				"PROVISIONING_PROFILE[sdk=iphoneos*]" = "";
				VALIDATE_PRODUCT = YES;
			};
			name = Distribution;
		};
		C01FCF4F08A954540054247B /* Debug */ = {
			isa = XCBuildConfiguration;
			buildSettings = {
				ARCHS = (
					armv6,
					armv7,
				);
				"CODE_SIGN_IDENTITY[sdk=iphoneos*]" = "iPhone Developer";
				GCC_C_LANGUAGE_STANDARD = c99;
				GCC_THUMB_SUPPORT = NO;
				GCC_WARN_ABOUT_RETURN_TYPE = YES;
				GCC_WARN_UNUSED_VARIABLE = YES;
				SDKROOT = iphoneos;
				TARGETED_DEVICE_FAMILY = "1,2";
			};
			name = Debug;
		};
		C01FCF5008A954540054247B /* Release */ = {
			isa = XCBuildConfiguration;
			buildSettings = {
				ARCHS = (
					armv6,
					armv7,
				);
				"CODE_SIGN_IDENTITY[sdk=iphoneos*]" = "iPhone Developer";
				GCC_C_LANGUAGE_STANDARD = c99;
				GCC_THUMB_SUPPORT = NO;
				GCC_WARN_ABOUT_RETURN_TYPE = YES;
				GCC_WARN_UNUSED_VARIABLE = YES;
				OTHER_CFLAGS = "-DNS_BLOCK_ASSERTIONS=1";
				SDKROOT = iphoneos;
				TARGETED_DEVICE_FAMILY = "1,2";
			};
			name = Release;
		};
/* End XCBuildConfiguration section */

/* Begin XCConfigurationList section */
		1D6058960D05DD3E006BFB54 /* Build configuration list for PBXNativeTarget "DeviceAlarm" */ = {
			isa = XCConfigurationList;
			buildConfigurations = (
				1D6058940D05DD3E006BFB54 /* Debug */,
				1D6058950D05DD3E006BFB54 /* Release */,
				7600336A12FF563C009E4D8F /* Distribution */,
			);
			defaultConfigurationIsVisible = 0;
			defaultConfigurationName = Release;
		};
		C01FCF4E08A954540054247B /* Build configuration list for PBXProject "DeviceAlarm" */ = {
			isa = XCConfigurationList;
			buildConfigurations = (
				C01FCF4F08A954540054247B /* Debug */,
				C01FCF5008A954540054247B /* Release */,
				7600336912FF563C009E4D8F /* Distribution */,
			);
			defaultConfigurationIsVisible = 0;
			defaultConfigurationName = Release;
		};
/* End XCConfigurationList section */

/* Begin XCVersionGroup section */
		2819307C112F81BE00ECF9B4 /* DeviceAlarm.xcdatamodeld */ = {
			isa = XCVersionGroup;
			children = (
				2870939E111907710040F596 /* DeviceAlarm.xcdatamodel */,
			);
			currentVersion = 2870939E111907710040F596 /* DeviceAlarm.xcdatamodel */;
			name = DeviceAlarm.xcdatamodeld;
			path = Shared/DeviceAlarm.xcdatamodeld;
			sourceTree = "<group>";
			versionGroupType = wrapper.xcdatamodel;
		};
/* End XCVersionGroup section */
	};
	rootObject = 29B97313FDCFA39411CA2CEA /* Project object */;
}
